// !$*UTF8*$!
{
	archiveVersion = 1;
	classes = {
	};
	objectVersion = 46;
	objects = {

/* Begin PBXBuildFile section */
		CBB7F73F1D0EE2A900E426E8 /* libopencv_calib3d.3.0.0.dylib in Frameworks */ = {isa = PBXBuildFile; fileRef = CBB7F70D1D0EE2A900E426E8 /* libopencv_calib3d.3.0.0.dylib */; };
		CBB7F7401D0EE2A900E426E8 /* libopencv_calib3d.3.0.0.dylib in Frameworks */ = {isa = PBXBuildFile; fileRef = CBB7F70E1D0EE2A900E426E8 /* libopencv_calib3d.3.0.0.dylib */; };
		CBB7F7411D0EE2A900E426E8 /* libopencv_calib3d.3.0.0.dylib in Frameworks */ = {isa = PBXBuildFile; fileRef = CBB7F70F1D0EE2A900E426E8 /* libopencv_calib3d.3.0.0.dylib */; };
		CBB7F7421D0EE2A900E426E8 /* libopencv_core.3.0.0.dylib in Frameworks */ = {isa = PBXBuildFile; fileRef = CBB7F7101D0EE2A900E426E8 /* libopencv_core.3.0.0.dylib */; };
		CBB7F7431D0EE2A900E426E8 /* libopencv_core.3.0.0.dylib in Frameworks */ = {isa = PBXBuildFile; fileRef = CBB7F7111D0EE2A900E426E8 /* libopencv_core.3.0.0.dylib */; };
		CBB7F7441D0EE2A900E426E8 /* libopencv_core.3.0.0.dylib in Frameworks */ = {isa = PBXBuildFile; fileRef = CBB7F7121D0EE2A900E426E8 /* libopencv_core.3.0.0.dylib */; };
		CBB7F7451D0EE2A900E426E8 /* libopencv_features2d.3.0.0.dylib in Frameworks */ = {isa = PBXBuildFile; fileRef = CBB7F7131D0EE2A900E426E8 /* libopencv_features2d.3.0.0.dylib */; };
		CBB7F7461D0EE2A900E426E8 /* libopencv_features2d.3.0.0.dylib in Frameworks */ = {isa = PBXBuildFile; fileRef = CBB7F7141D0EE2A900E426E8 /* libopencv_features2d.3.0.0.dylib */; };
		CBB7F7471D0EE2A900E426E8 /* libopencv_features2d.3.0.0.dylib in Frameworks */ = {isa = PBXBuildFile; fileRef = CBB7F7151D0EE2A900E426E8 /* libopencv_features2d.3.0.0.dylib */; };
		CBB7F7481D0EE2A900E426E8 /* libopencv_flann.3.0.0.dylib in Frameworks */ = {isa = PBXBuildFile; fileRef = CBB7F7161D0EE2A900E426E8 /* libopencv_flann.3.0.0.dylib */; };
		CBB7F7491D0EE2A900E426E8 /* libopencv_flann.3.0.0.dylib in Frameworks */ = {isa = PBXBuildFile; fileRef = CBB7F7171D0EE2A900E426E8 /* libopencv_flann.3.0.0.dylib */; };
		CBB7F74A1D0EE2A900E426E8 /* libopencv_flann.3.0.0.dylib in Frameworks */ = {isa = PBXBuildFile; fileRef = CBB7F7181D0EE2A900E426E8 /* libopencv_flann.3.0.0.dylib */; };
		CBB7F74B1D0EE2A900E426E8 /* libopencv_hal.a in Frameworks */ = {isa = PBXBuildFile; fileRef = CBB7F7191D0EE2A900E426E8 /* libopencv_hal.a */; };
		CBB7F74C1D0EE2A900E426E8 /* libopencv_highgui.3.0.0.dylib in Frameworks */ = {isa = PBXBuildFile; fileRef = CBB7F71A1D0EE2A900E426E8 /* libopencv_highgui.3.0.0.dylib */; };
		CBB7F74D1D0EE2A900E426E8 /* libopencv_highgui.3.0.0.dylib in Frameworks */ = {isa = PBXBuildFile; fileRef = CBB7F71B1D0EE2A900E426E8 /* libopencv_highgui.3.0.0.dylib */; };
		CBB7F74E1D0EE2A900E426E8 /* libopencv_highgui.3.0.0.dylib in Frameworks */ = {isa = PBXBuildFile; fileRef = CBB7F71C1D0EE2A900E426E8 /* libopencv_highgui.3.0.0.dylib */; };
		CBB7F74F1D0EE2A900E426E8 /* libopencv_imgcodecs.3.0.0.dylib in Frameworks */ = {isa = PBXBuildFile; fileRef = CBB7F71D1D0EE2A900E426E8 /* libopencv_imgcodecs.3.0.0.dylib */; };
		CBB7F7501D0EE2A900E426E8 /* libopencv_imgcodecs.3.0.0.dylib in Frameworks */ = {isa = PBXBuildFile; fileRef = CBB7F71E1D0EE2A900E426E8 /* libopencv_imgcodecs.3.0.0.dylib */; };
		CBB7F7511D0EE2A900E426E8 /* libopencv_imgcodecs.3.0.0.dylib in Frameworks */ = {isa = PBXBuildFile; fileRef = CBB7F71F1D0EE2A900E426E8 /* libopencv_imgcodecs.3.0.0.dylib */; };
		CBB7F7521D0EE2A900E426E8 /* libopencv_imgproc.3.0.0.dylib in Frameworks */ = {isa = PBXBuildFile; fileRef = CBB7F7201D0EE2A900E426E8 /* libopencv_imgproc.3.0.0.dylib */; };
		CBB7F7531D0EE2A900E426E8 /* libopencv_imgproc.3.0.0.dylib in Frameworks */ = {isa = PBXBuildFile; fileRef = CBB7F7211D0EE2A900E426E8 /* libopencv_imgproc.3.0.0.dylib */; };
		CBB7F7541D0EE2A900E426E8 /* libopencv_imgproc.3.0.0.dylib in Frameworks */ = {isa = PBXBuildFile; fileRef = CBB7F7221D0EE2A900E426E8 /* libopencv_imgproc.3.0.0.dylib */; };
		CBB7F7551D0EE2A900E426E8 /* libopencv_ml.3.0.0.dylib in Frameworks */ = {isa = PBXBuildFile; fileRef = CBB7F7231D0EE2A900E426E8 /* libopencv_ml.3.0.0.dylib */; };
		CBB7F7561D0EE2A900E426E8 /* libopencv_ml.3.0.0.dylib in Frameworks */ = {isa = PBXBuildFile; fileRef = CBB7F7241D0EE2A900E426E8 /* libopencv_ml.3.0.0.dylib */; };
		CBB7F7571D0EE2A900E426E8 /* libopencv_ml.3.0.0.dylib in Frameworks */ = {isa = PBXBuildFile; fileRef = CBB7F7251D0EE2A900E426E8 /* libopencv_ml.3.0.0.dylib */; };
		CBB7F7581D0EE2A900E426E8 /* libopencv_objdetect.3.0.0.dylib in Frameworks */ = {isa = PBXBuildFile; fileRef = CBB7F7261D0EE2A900E426E8 /* libopencv_objdetect.3.0.0.dylib */; };
		CBB7F7591D0EE2A900E426E8 /* libopencv_objdetect.3.0.0.dylib in Frameworks */ = {isa = PBXBuildFile; fileRef = CBB7F7271D0EE2A900E426E8 /* libopencv_objdetect.3.0.0.dylib */; };
		CBB7F75A1D0EE2A900E426E8 /* libopencv_objdetect.3.0.0.dylib in Frameworks */ = {isa = PBXBuildFile; fileRef = CBB7F7281D0EE2A900E426E8 /* libopencv_objdetect.3.0.0.dylib */; };
		CBB7F75B1D0EE2A900E426E8 /* libopencv_photo.3.0.0.dylib in Frameworks */ = {isa = PBXBuildFile; fileRef = CBB7F7291D0EE2A900E426E8 /* libopencv_photo.3.0.0.dylib */; };
		CBB7F75C1D0EE2A900E426E8 /* libopencv_photo.3.0.0.dylib in Frameworks */ = {isa = PBXBuildFile; fileRef = CBB7F72A1D0EE2A900E426E8 /* libopencv_photo.3.0.0.dylib */; };
		CBB7F75D1D0EE2A900E426E8 /* libopencv_photo.3.0.0.dylib in Frameworks */ = {isa = PBXBuildFile; fileRef = CBB7F72B1D0EE2A900E426E8 /* libopencv_photo.3.0.0.dylib */; };
		CBB7F75E1D0EE2A900E426E8 /* libopencv_shape.3.0.0.dylib in Frameworks */ = {isa = PBXBuildFile; fileRef = CBB7F72C1D0EE2A900E426E8 /* libopencv_shape.3.0.0.dylib */; };
		CBB7F75F1D0EE2A900E426E8 /* libopencv_shape.3.0.0.dylib in Frameworks */ = {isa = PBXBuildFile; fileRef = CBB7F72D1D0EE2A900E426E8 /* libopencv_shape.3.0.0.dylib */; };
		CBB7F7601D0EE2A900E426E8 /* libopencv_shape.3.0.0.dylib in Frameworks */ = {isa = PBXBuildFile; fileRef = CBB7F72E1D0EE2A900E426E8 /* libopencv_shape.3.0.0.dylib */; };
		CBB7F7611D0EE2A900E426E8 /* libopencv_stitching.3.0.0.dylib in Frameworks */ = {isa = PBXBuildFile; fileRef = CBB7F72F1D0EE2A900E426E8 /* libopencv_stitching.3.0.0.dylib */; };
		CBB7F7621D0EE2A900E426E8 /* libopencv_stitching.3.0.0.dylib in Frameworks */ = {isa = PBXBuildFile; fileRef = CBB7F7301D0EE2A900E426E8 /* libopencv_stitching.3.0.0.dylib */; };
		CBB7F7631D0EE2A900E426E8 /* libopencv_stitching.3.0.0.dylib in Frameworks */ = {isa = PBXBuildFile; fileRef = CBB7F7311D0EE2A900E426E8 /* libopencv_stitching.3.0.0.dylib */; };
		CBB7F7641D0EE2A900E426E8 /* libopencv_superres.3.0.0.dylib in Frameworks */ = {isa = PBXBuildFile; fileRef = CBB7F7321D0EE2A900E426E8 /* libopencv_superres.3.0.0.dylib */; };
		CBB7F7651D0EE2A900E426E8 /* libopencv_superres.3.0.0.dylib in Frameworks */ = {isa = PBXBuildFile; fileRef = CBB7F7331D0EE2A900E426E8 /* libopencv_superres.3.0.0.dylib */; };
		CBB7F7661D0EE2A900E426E8 /* libopencv_superres.3.0.0.dylib in Frameworks */ = {isa = PBXBuildFile; fileRef = CBB7F7341D0EE2A900E426E8 /* libopencv_superres.3.0.0.dylib */; };
		CBB7F7671D0EE2A900E426E8 /* libopencv_ts.a in Frameworks */ = {isa = PBXBuildFile; fileRef = CBB7F7351D0EE2A900E426E8 /* libopencv_ts.a */; };
		CBB7F7681D0EE2A900E426E8 /* libopencv_video.3.0.0.dylib in Frameworks */ = {isa = PBXBuildFile; fileRef = CBB7F7361D0EE2A900E426E8 /* libopencv_video.3.0.0.dylib */; };
		CBB7F7691D0EE2A900E426E8 /* libopencv_video.3.0.0.dylib in Frameworks */ = {isa = PBXBuildFile; fileRef = CBB7F7371D0EE2A900E426E8 /* libopencv_video.3.0.0.dylib */; };
		CBB7F76A1D0EE2A900E426E8 /* libopencv_video.3.0.0.dylib in Frameworks */ = {isa = PBXBuildFile; fileRef = CBB7F7381D0EE2A900E426E8 /* libopencv_video.3.0.0.dylib */; };
		CBB7F76B1D0EE2A900E426E8 /* libopencv_videoio.3.0.0.dylib in Frameworks */ = {isa = PBXBuildFile; fileRef = CBB7F7391D0EE2A900E426E8 /* libopencv_videoio.3.0.0.dylib */; };
		CBB7F76C1D0EE2A900E426E8 /* libopencv_videoio.3.0.0.dylib in Frameworks */ = {isa = PBXBuildFile; fileRef = CBB7F73A1D0EE2A900E426E8 /* libopencv_videoio.3.0.0.dylib */; };
		CBB7F76D1D0EE2A900E426E8 /* libopencv_videoio.3.0.0.dylib in Frameworks */ = {isa = PBXBuildFile; fileRef = CBB7F73B1D0EE2A900E426E8 /* libopencv_videoio.3.0.0.dylib */; };
		CBB7F76E1D0EE2A900E426E8 /* libopencv_videostab.3.0.0.dylib in Frameworks */ = {isa = PBXBuildFile; fileRef = CBB7F73C1D0EE2A900E426E8 /* libopencv_videostab.3.0.0.dylib */; };
		CBB7F76F1D0EE2A900E426E8 /* libopencv_videostab.3.0.0.dylib in Frameworks */ = {isa = PBXBuildFile; fileRef = CBB7F73D1D0EE2A900E426E8 /* libopencv_videostab.3.0.0.dylib */; };
		CBB7F7701D0EE2A900E426E8 /* libopencv_videostab.3.0.0.dylib in Frameworks */ = {isa = PBXBuildFile; fileRef = CBB7F73E1D0EE2A900E426E8 /* libopencv_videostab.3.0.0.dylib */; };
		CBFAA0AE1D15263800B52423 /* corner.cpp in Sources */ = {isa = PBXBuildFile; fileRef = CBFAA0AD1D15263800B52423 /* corner.cpp */; };
/* End PBXBuildFile section */

/* Begin PBXCopyFilesBuildPhase section */
		CBB7F7001D0EE15F00E426E8 /* CopyFiles */ = {
			isa = PBXCopyFilesBuildPhase;
			buildActionMask = 2147483647;
			dstPath = /usr/share/man/man1/;
			dstSubfolderSpec = 0;
			files = (
			);
			runOnlyForDeploymentPostprocessing = 1;
		};
/* End PBXCopyFilesBuildPhase section */

/* Begin PBXFileReference section */
		CB355EF61D1935F000F8AAF9 /* corner.h */ = {isa = PBXFileReference; lastKnownFileType = sourcecode.c.h; path = corner.h; sourceTree = "<group>"; };
		CBA0501E1D190A0B00188E77 /* frame.cpp */ = {isa = PBXFileReference; fileEncoding = 4; lastKnownFileType = sourcecode.cpp.cpp; path = frame.cpp; sourceTree = "<group>"; };
		CBA0501F1D190A0B00188E77 /* frame.h */ = {isa = PBXFileReference; fileEncoding = 4; lastKnownFileType = sourcecode.c.h; path = frame.h; sourceTree = "<group>"; };
		CBB7F7021D0EE15F00E426E8 /* openCV */ = {isa = PBXFileReference; explicitFileType = "compiled.mach-o.executable"; includeInIndex = 0; path = openCV; sourceTree = BUILT_PRODUCTS_DIR; };
		CBB7F7051D0EE15F00E426E8 /* main.cpp */ = {isa = PBXFileReference; lastKnownFileType = sourcecode.cpp.cpp; path = main.cpp; sourceTree = "<group>"; };
		CBB7F70D1D0EE2A900E426E8 /* libopencv_calib3d.3.0.0.dylib */ = {isa = PBXFileReference; lastKnownFileType = "compiled.mach-o.dylib"; path = libopencv_calib3d.3.0.0.dylib; sourceTree = "<group>"; };
		CBB7F70E1D0EE2A900E426E8 /* libopencv_calib3d.3.0.0.dylib */ = {isa = PBXFileReference; lastKnownFileType = "compiled.mach-o.dylib"; path = libopencv_calib3d.3.0.0.dylib; sourceTree = "<group>"; };
		CBB7F70F1D0EE2A900E426E8 /* libopencv_calib3d.3.0.0.dylib */ = {isa = PBXFileReference; lastKnownFileType = "compiled.mach-o.dylib"; path = libopencv_calib3d.3.0.0.dylib; sourceTree = "<group>"; };
		CBB7F7101D0EE2A900E426E8 /* libopencv_core.3.0.0.dylib */ = {isa = PBXFileReference; lastKnownFileType = "compiled.mach-o.dylib"; path = libopencv_core.3.0.0.dylib; sourceTree = "<group>"; };
		CBB7F7111D0EE2A900E426E8 /* libopencv_core.3.0.0.dylib */ = {isa = PBXFileReference; lastKnownFileType = "compiled.mach-o.dylib"; path = libopencv_core.3.0.0.dylib; sourceTree = "<group>"; };
		CBB7F7121D0EE2A900E426E8 /* libopencv_core.3.0.0.dylib */ = {isa = PBXFileReference; lastKnownFileType = "compiled.mach-o.dylib"; path = libopencv_core.3.0.0.dylib; sourceTree = "<group>"; };
		CBB7F7131D0EE2A900E426E8 /* libopencv_features2d.3.0.0.dylib */ = {isa = PBXFileReference; lastKnownFileType = "compiled.mach-o.dylib"; path = libopencv_features2d.3.0.0.dylib; sourceTree = "<group>"; };
		CBB7F7141D0EE2A900E426E8 /* libopencv_features2d.3.0.0.dylib */ = {isa = PBXFileReference; lastKnownFileType = "compiled.mach-o.dylib"; path = libopencv_features2d.3.0.0.dylib; sourceTree = "<group>"; };
		CBB7F7151D0EE2A900E426E8 /* libopencv_features2d.3.0.0.dylib */ = {isa = PBXFileReference; lastKnownFileType = "compiled.mach-o.dylib"; path = libopencv_features2d.3.0.0.dylib; sourceTree = "<group>"; };
		CBB7F7161D0EE2A900E426E8 /* libopencv_flann.3.0.0.dylib */ = {isa = PBXFileReference; lastKnownFileType = "compiled.mach-o.dylib"; path = libopencv_flann.3.0.0.dylib; sourceTree = "<group>"; };
		CBB7F7171D0EE2A900E426E8 /* libopencv_flann.3.0.0.dylib */ = {isa = PBXFileReference; lastKnownFileType = "compiled.mach-o.dylib"; path = libopencv_flann.3.0.0.dylib; sourceTree = "<group>"; };
		CBB7F7181D0EE2A900E426E8 /* libopencv_flann.3.0.0.dylib */ = {isa = PBXFileReference; lastKnownFileType = "compiled.mach-o.dylib"; path = libopencv_flann.3.0.0.dylib; sourceTree = "<group>"; };
		CBB7F7191D0EE2A900E426E8 /* libopencv_hal.a */ = {isa = PBXFileReference; lastKnownFileType = archive.ar; path = libopencv_hal.a; sourceTree = "<group>"; };
		CBB7F71A1D0EE2A900E426E8 /* libopencv_highgui.3.0.0.dylib */ = {isa = PBXFileReference; lastKnownFileType = "compiled.mach-o.dylib"; path = libopencv_highgui.3.0.0.dylib; sourceTree = "<group>"; };
		CBB7F71B1D0EE2A900E426E8 /* libopencv_highgui.3.0.0.dylib */ = {isa = PBXFileReference; lastKnownFileType = "compiled.mach-o.dylib"; path = libopencv_highgui.3.0.0.dylib; sourceTree = "<group>"; };
		CBB7F71C1D0EE2A900E426E8 /* libopencv_highgui.3.0.0.dylib */ = {isa = PBXFileReference; lastKnownFileType = "compiled.mach-o.dylib"; path = libopencv_highgui.3.0.0.dylib; sourceTree = "<group>"; };
		CBB7F71D1D0EE2A900E426E8 /* libopencv_imgcodecs.3.0.0.dylib */ = {isa = PBXFileReference; lastKnownFileType = "compiled.mach-o.dylib"; path = libopencv_imgcodecs.3.0.0.dylib; sourceTree = "<group>"; };
		CBB7F71E1D0EE2A900E426E8 /* libopencv_imgcodecs.3.0.0.dylib */ = {isa = PBXFileReference; lastKnownFileType = "compiled.mach-o.dylib"; path = libopencv_imgcodecs.3.0.0.dylib; sourceTree = "<group>"; };
		CBB7F71F1D0EE2A900E426E8 /* libopencv_imgcodecs.3.0.0.dylib */ = {isa = PBXFileReference; lastKnownFileType = "compiled.mach-o.dylib"; path = libopencv_imgcodecs.3.0.0.dylib; sourceTree = "<group>"; };
		CBB7F7201D0EE2A900E426E8 /* libopencv_imgproc.3.0.0.dylib */ = {isa = PBXFileReference; lastKnownFileType = "compiled.mach-o.dylib"; path = libopencv_imgproc.3.0.0.dylib; sourceTree = "<group>"; };
		CBB7F7211D0EE2A900E426E8 /* libopencv_imgproc.3.0.0.dylib */ = {isa = PBXFileReference; lastKnownFileType = "compiled.mach-o.dylib"; path = libopencv_imgproc.3.0.0.dylib; sourceTree = "<group>"; };
		CBB7F7221D0EE2A900E426E8 /* libopencv_imgproc.3.0.0.dylib */ = {isa = PBXFileReference; lastKnownFileType = "compiled.mach-o.dylib"; path = libopencv_imgproc.3.0.0.dylib; sourceTree = "<group>"; };
		CBB7F7231D0EE2A900E426E8 /* libopencv_ml.3.0.0.dylib */ = {isa = PBXFileReference; lastKnownFileType = "compiled.mach-o.dylib"; path = libopencv_ml.3.0.0.dylib; sourceTree = "<group>"; };
		CBB7F7241D0EE2A900E426E8 /* libopencv_ml.3.0.0.dylib */ = {isa = PBXFileReference; lastKnownFileType = "compiled.mach-o.dylib"; path = libopencv_ml.3.0.0.dylib; sourceTree = "<group>"; };
		CBB7F7251D0EE2A900E426E8 /* libopencv_ml.3.0.0.dylib */ = {isa = PBXFileReference; lastKnownFileType = "compiled.mach-o.dylib"; path = libopencv_ml.3.0.0.dylib; sourceTree = "<group>"; };
		CBB7F7261D0EE2A900E426E8 /* libopencv_objdetect.3.0.0.dylib */ = {isa = PBXFileReference; lastKnownFileType = "compiled.mach-o.dylib"; path = libopencv_objdetect.3.0.0.dylib; sourceTree = "<group>"; };
		CBB7F7271D0EE2A900E426E8 /* libopencv_objdetect.3.0.0.dylib */ = {isa = PBXFileReference; lastKnownFileType = "compiled.mach-o.dylib"; path = libopencv_objdetect.3.0.0.dylib; sourceTree = "<group>"; };
		CBB7F7281D0EE2A900E426E8 /* libopencv_objdetect.3.0.0.dylib */ = {isa = PBXFileReference; lastKnownFileType = "compiled.mach-o.dylib"; path = libopencv_objdetect.3.0.0.dylib; sourceTree = "<group>"; };
		CBB7F7291D0EE2A900E426E8 /* libopencv_photo.3.0.0.dylib */ = {isa = PBXFileReference; lastKnownFileType = "compiled.mach-o.dylib"; path = libopencv_photo.3.0.0.dylib; sourceTree = "<group>"; };
		CBB7F72A1D0EE2A900E426E8 /* libopencv_photo.3.0.0.dylib */ = {isa = PBXFileReference; lastKnownFileType = "compiled.mach-o.dylib"; path = libopencv_photo.3.0.0.dylib; sourceTree = "<group>"; };
		CBB7F72B1D0EE2A900E426E8 /* libopencv_photo.3.0.0.dylib */ = {isa = PBXFileReference; lastKnownFileType = "compiled.mach-o.dylib"; path = libopencv_photo.3.0.0.dylib; sourceTree = "<group>"; };
		CBB7F72C1D0EE2A900E426E8 /* libopencv_shape.3.0.0.dylib */ = {isa = PBXFileReference; lastKnownFileType = "compiled.mach-o.dylib"; path = libopencv_shape.3.0.0.dylib; sourceTree = "<group>"; };
		CBB7F72D1D0EE2A900E426E8 /* libopencv_shape.3.0.0.dylib */ = {isa = PBXFileReference; lastKnownFileType = "compiled.mach-o.dylib"; path = libopencv_shape.3.0.0.dylib; sourceTree = "<group>"; };
		CBB7F72E1D0EE2A900E426E8 /* libopencv_shape.3.0.0.dylib */ = {isa = PBXFileReference; lastKnownFileType = "compiled.mach-o.dylib"; path = libopencv_shape.3.0.0.dylib; sourceTree = "<group>"; };
		CBB7F72F1D0EE2A900E426E8 /* libopencv_stitching.3.0.0.dylib */ = {isa = PBXFileReference; lastKnownFileType = "compiled.mach-o.dylib"; path = libopencv_stitching.3.0.0.dylib; sourceTree = "<group>"; };
		CBB7F7301D0EE2A900E426E8 /* libopencv_stitching.3.0.0.dylib */ = {isa = PBXFileReference; lastKnownFileType = "compiled.mach-o.dylib"; path = libopencv_stitching.3.0.0.dylib; sourceTree = "<group>"; };
		CBB7F7311D0EE2A900E426E8 /* libopencv_stitching.3.0.0.dylib */ = {isa = PBXFileReference; lastKnownFileType = "compiled.mach-o.dylib"; path = libopencv_stitching.3.0.0.dylib; sourceTree = "<group>"; };
		CBB7F7321D0EE2A900E426E8 /* libopencv_superres.3.0.0.dylib */ = {isa = PBXFileReference; lastKnownFileType = "compiled.mach-o.dylib"; path = libopencv_superres.3.0.0.dylib; sourceTree = "<group>"; };
		CBB7F7331D0EE2A900E426E8 /* libopencv_superres.3.0.0.dylib */ = {isa = PBXFileReference; lastKnownFileType = "compiled.mach-o.dylib"; path = libopencv_superres.3.0.0.dylib; sourceTree = "<group>"; };
		CBB7F7341D0EE2A900E426E8 /* libopencv_superres.3.0.0.dylib */ = {isa = PBXFileReference; lastKnownFileType = "compiled.mach-o.dylib"; path = libopencv_superres.3.0.0.dylib; sourceTree = "<group>"; };
		CBB7F7351D0EE2A900E426E8 /* libopencv_ts.a */ = {isa = PBXFileReference; lastKnownFileType = archive.ar; path = libopencv_ts.a; sourceTree = "<group>"; };
		CBB7F7361D0EE2A900E426E8 /* libopencv_video.3.0.0.dylib */ = {isa = PBXFileReference; lastKnownFileType = "compiled.mach-o.dylib"; path = libopencv_video.3.0.0.dylib; sourceTree = "<group>"; };
		CBB7F7371D0EE2A900E426E8 /* libopencv_video.3.0.0.dylib */ = {isa = PBXFileReference; lastKnownFileType = "compiled.mach-o.dylib"; path = libopencv_video.3.0.0.dylib; sourceTree = "<group>"; };
		CBB7F7381D0EE2A900E426E8 /* libopencv_video.3.0.0.dylib */ = {isa = PBXFileReference; lastKnownFileType = "compiled.mach-o.dylib"; path = libopencv_video.3.0.0.dylib; sourceTree = "<group>"; };
		CBB7F7391D0EE2A900E426E8 /* libopencv_videoio.3.0.0.dylib */ = {isa = PBXFileReference; lastKnownFileType = "compiled.mach-o.dylib"; path = libopencv_videoio.3.0.0.dylib; sourceTree = "<group>"; };
		CBB7F73A1D0EE2A900E426E8 /* libopencv_videoio.3.0.0.dylib */ = {isa = PBXFileReference; lastKnownFileType = "compiled.mach-o.dylib"; path = libopencv_videoio.3.0.0.dylib; sourceTree = "<group>"; };
		CBB7F73B1D0EE2A900E426E8 /* libopencv_videoio.3.0.0.dylib */ = {isa = PBXFileReference; lastKnownFileType = "compiled.mach-o.dylib"; path = libopencv_videoio.3.0.0.dylib; sourceTree = "<group>"; };
		CBB7F73C1D0EE2A900E426E8 /* libopencv_videostab.3.0.0.dylib */ = {isa = PBXFileReference; lastKnownFileType = "compiled.mach-o.dylib"; path = libopencv_videostab.3.0.0.dylib; sourceTree = "<group>"; };
		CBB7F73D1D0EE2A900E426E8 /* libopencv_videostab.3.0.0.dylib */ = {isa = PBXFileReference; lastKnownFileType = "compiled.mach-o.dylib"; path = libopencv_videostab.3.0.0.dylib; sourceTree = "<group>"; };
		CBB7F73E1D0EE2A900E426E8 /* libopencv_videostab.3.0.0.dylib */ = {isa = PBXFileReference; lastKnownFileType = "compiled.mach-o.dylib"; path = libopencv_videostab.3.0.0.dylib; sourceTree = "<group>"; };
		CBFAA0AD1D15263800B52423 /* corner.cpp */ = {isa = PBXFileReference; fileEncoding = 4; lastKnownFileType = sourcecode.cpp.cpp; path = corner.cpp; sourceTree = "<group>"; };
/* End PBXFileReference section */

/* Begin PBXFrameworksBuildPhase section */
		CBB7F6FF1D0EE15F00E426E8 /* Frameworks */ = {
			isa = PBXFrameworksBuildPhase;
			buildActionMask = 2147483647;
			files = (
				CBB7F76E1D0EE2A900E426E8 /* libopencv_videostab.3.0.0.dylib in Frameworks */,
				CBB7F7681D0EE2A900E426E8 /* libopencv_video.3.0.0.dylib in Frameworks */,
				CBB7F7471D0EE2A900E426E8 /* libopencv_features2d.3.0.0.dylib in Frameworks */,
				CBB7F75F1D0EE2A900E426E8 /* libopencv_shape.3.0.0.dylib in Frameworks */,
				CBB7F76D1D0EE2A900E426E8 /* libopencv_videoio.3.0.0.dylib in Frameworks */,
				CBB7F74B1D0EE2A900E426E8 /* libopencv_hal.a in Frameworks */,
				CBB7F74F1D0EE2A900E426E8 /* libopencv_imgcodecs.3.0.0.dylib in Frameworks */,
				CBB7F75D1D0EE2A900E426E8 /* libopencv_photo.3.0.0.dylib in Frameworks */,
				CBB7F76F1D0EE2A900E426E8 /* libopencv_videostab.3.0.0.dylib in Frameworks */,
				CBB7F74E1D0EE2A900E426E8 /* libopencv_highgui.3.0.0.dylib in Frameworks */,
				CBB7F7431D0EE2A900E426E8 /* libopencv_core.3.0.0.dylib in Frameworks */,
				CBB7F7691D0EE2A900E426E8 /* libopencv_video.3.0.0.dylib in Frameworks */,
				CBB7F7611D0EE2A900E426E8 /* libopencv_stitching.3.0.0.dylib in Frameworks */,
				CBB7F76B1D0EE2A900E426E8 /* libopencv_videoio.3.0.0.dylib in Frameworks */,
				CBB7F7701D0EE2A900E426E8 /* libopencv_videostab.3.0.0.dylib in Frameworks */,
				CBB7F7481D0EE2A900E426E8 /* libopencv_flann.3.0.0.dylib in Frameworks */,
				CBB7F7411D0EE2A900E426E8 /* libopencv_calib3d.3.0.0.dylib in Frameworks */,
				CBB7F75A1D0EE2A900E426E8 /* libopencv_objdetect.3.0.0.dylib in Frameworks */,
				CBB7F76C1D0EE2A900E426E8 /* libopencv_videoio.3.0.0.dylib in Frameworks */,
				CBB7F7491D0EE2A900E426E8 /* libopencv_flann.3.0.0.dylib in Frameworks */,
				CBB7F7671D0EE2A900E426E8 /* libopencv_ts.a in Frameworks */,
				CBB7F7531D0EE2A900E426E8 /* libopencv_imgproc.3.0.0.dylib in Frameworks */,
				CBB7F7641D0EE2A900E426E8 /* libopencv_superres.3.0.0.dylib in Frameworks */,
				CBB7F7581D0EE2A900E426E8 /* libopencv_objdetect.3.0.0.dylib in Frameworks */,
				CBB7F76A1D0EE2A900E426E8 /* libopencv_video.3.0.0.dylib in Frameworks */,
				CBB7F75E1D0EE2A900E426E8 /* libopencv_shape.3.0.0.dylib in Frameworks */,
				CBB7F7561D0EE2A900E426E8 /* libopencv_ml.3.0.0.dylib in Frameworks */,
				CBB7F7461D0EE2A900E426E8 /* libopencv_features2d.3.0.0.dylib in Frameworks */,
				CBB7F74A1D0EE2A900E426E8 /* libopencv_flann.3.0.0.dylib in Frameworks */,
				CBB7F7521D0EE2A900E426E8 /* libopencv_imgproc.3.0.0.dylib in Frameworks */,
				CBB7F74C1D0EE2A900E426E8 /* libopencv_highgui.3.0.0.dylib in Frameworks */,
				CBB7F7631D0EE2A900E426E8 /* libopencv_stitching.3.0.0.dylib in Frameworks */,
				CBB7F74D1D0EE2A900E426E8 /* libopencv_highgui.3.0.0.dylib in Frameworks */,
				CBB7F7661D0EE2A900E426E8 /* libopencv_superres.3.0.0.dylib in Frameworks */,
				CBB7F7551D0EE2A900E426E8 /* libopencv_ml.3.0.0.dylib in Frameworks */,
				CBB7F7541D0EE2A900E426E8 /* libopencv_imgproc.3.0.0.dylib in Frameworks */,
				CBB7F7511D0EE2A900E426E8 /* libopencv_imgcodecs.3.0.0.dylib in Frameworks */,
				CBB7F7621D0EE2A900E426E8 /* libopencv_stitching.3.0.0.dylib in Frameworks */,
				CBB7F73F1D0EE2A900E426E8 /* libopencv_calib3d.3.0.0.dylib in Frameworks */,
				CBB7F75B1D0EE2A900E426E8 /* libopencv_photo.3.0.0.dylib in Frameworks */,
				CBB7F7401D0EE2A900E426E8 /* libopencv_calib3d.3.0.0.dylib in Frameworks */,
				CBB7F7651D0EE2A900E426E8 /* libopencv_superres.3.0.0.dylib in Frameworks */,
				CBB7F7451D0EE2A900E426E8 /* libopencv_features2d.3.0.0.dylib in Frameworks */,
				CBB7F7591D0EE2A900E426E8 /* libopencv_objdetect.3.0.0.dylib in Frameworks */,
				CBB7F7421D0EE2A900E426E8 /* libopencv_core.3.0.0.dylib in Frameworks */,
				CBB7F7441D0EE2A900E426E8 /* libopencv_core.3.0.0.dylib in Frameworks */,
				CBB7F7571D0EE2A900E426E8 /* libopencv_ml.3.0.0.dylib in Frameworks */,
				CBB7F7501D0EE2A900E426E8 /* libopencv_imgcodecs.3.0.0.dylib in Frameworks */,
				CBB7F7601D0EE2A900E426E8 /* libopencv_shape.3.0.0.dylib in Frameworks */,
				CBB7F75C1D0EE2A900E426E8 /* libopencv_photo.3.0.0.dylib in Frameworks */,
			);
			runOnlyForDeploymentPostprocessing = 0;
		};
/* End PBXFrameworksBuildPhase section */

/* Begin PBXGroup section */
		CBB7F6F91D0EE15F00E426E8 = {
			isa = PBXGroup;
			children = (
				CBB7F7041D0EE15F00E426E8 /* openCV */,
				CBB7F7031D0EE15F00E426E8 /* Products */,
			);
			sourceTree = "<group>";
		};
		CBB7F7031D0EE15F00E426E8 /* Products */ = {
			isa = PBXGroup;
			children = (
				CBB7F7021D0EE15F00E426E8 /* openCV */,
			);
			name = Products;
			sourceTree = "<group>";
		};
		CBB7F7041D0EE15F00E426E8 /* openCV */ = {
			isa = PBXGroup;
			children = (
				CBB7F70C1D0EE25C00E426E8 /* OpenCV Frameworks */,
				CBB7F7051D0EE15F00E426E8 /* main.cpp */,
				CBFAA0AD1D15263800B52423 /* corner.cpp */,
				CB355EF61D1935F000F8AAF9 /* corner.h */,
				CBA0501E1D190A0B00188E77 /* frame.cpp */,
				CBA0501F1D190A0B00188E77 /* frame.h */,
			);
			path = openCV;
			sourceTree = "<group>";
		};
		CBB7F70C1D0EE25C00E426E8 /* OpenCV Frameworks */ = {
			isa = PBXGroup;
			children = (
				CBB7F70D1D0EE2A900E426E8 /* libopencv_calib3d.3.0.0.dylib */,
				CBB7F70E1D0EE2A900E426E8 /* libopencv_calib3d.3.0.0.dylib */,
				CBB7F70F1D0EE2A900E426E8 /* libopencv_calib3d.3.0.0.dylib */,
				CBB7F7101D0EE2A900E426E8 /* libopencv_core.3.0.0.dylib */,
				CBB7F7111D0EE2A900E426E8 /* libopencv_core.3.0.0.dylib */,
				CBB7F7121D0EE2A900E426E8 /* libopencv_core.3.0.0.dylib */,
				CBB7F7131D0EE2A900E426E8 /* libopencv_features2d.3.0.0.dylib */,
				CBB7F7141D0EE2A900E426E8 /* libopencv_features2d.3.0.0.dylib */,
				CBB7F7151D0EE2A900E426E8 /* libopencv_features2d.3.0.0.dylib */,
				CBB7F7161D0EE2A900E426E8 /* libopencv_flann.3.0.0.dylib */,
				CBB7F7171D0EE2A900E426E8 /* libopencv_flann.3.0.0.dylib */,
				CBB7F7181D0EE2A900E426E8 /* libopencv_flann.3.0.0.dylib */,
				CBB7F7191D0EE2A900E426E8 /* libopencv_hal.a */,
				CBB7F71A1D0EE2A900E426E8 /* libopencv_highgui.3.0.0.dylib */,
				CBB7F71B1D0EE2A900E426E8 /* libopencv_highgui.3.0.0.dylib */,
				CBB7F71C1D0EE2A900E426E8 /* libopencv_highgui.3.0.0.dylib */,
				CBB7F71D1D0EE2A900E426E8 /* libopencv_imgcodecs.3.0.0.dylib */,
				CBB7F71E1D0EE2A900E426E8 /* libopencv_imgcodecs.3.0.0.dylib */,
				CBB7F71F1D0EE2A900E426E8 /* libopencv_imgcodecs.3.0.0.dylib */,
				CBB7F7201D0EE2A900E426E8 /* libopencv_imgproc.3.0.0.dylib */,
				CBB7F7211D0EE2A900E426E8 /* libopencv_imgproc.3.0.0.dylib */,
				CBB7F7221D0EE2A900E426E8 /* libopencv_imgproc.3.0.0.dylib */,
				CBB7F7231D0EE2A900E426E8 /* libopencv_ml.3.0.0.dylib */,
				CBB7F7241D0EE2A900E426E8 /* libopencv_ml.3.0.0.dylib */,
				CBB7F7251D0EE2A900E426E8 /* libopencv_ml.3.0.0.dylib */,
				CBB7F7261D0EE2A900E426E8 /* libopencv_objdetect.3.0.0.dylib */,
				CBB7F7271D0EE2A900E426E8 /* libopencv_objdetect.3.0.0.dylib */,
				CBB7F7281D0EE2A900E426E8 /* libopencv_objdetect.3.0.0.dylib */,
				CBB7F7291D0EE2A900E426E8 /* libopencv_photo.3.0.0.dylib */,
				CBB7F72A1D0EE2A900E426E8 /* libopencv_photo.3.0.0.dylib */,
				CBB7F72B1D0EE2A900E426E8 /* libopencv_photo.3.0.0.dylib */,
				CBB7F72C1D0EE2A900E426E8 /* libopencv_shape.3.0.0.dylib */,
				CBB7F72D1D0EE2A900E426E8 /* libopencv_shape.3.0.0.dylib */,
				CBB7F72E1D0EE2A900E426E8 /* libopencv_shape.3.0.0.dylib */,
				CBB7F72F1D0EE2A900E426E8 /* libopencv_stitching.3.0.0.dylib */,
				CBB7F7301D0EE2A900E426E8 /* libopencv_stitching.3.0.0.dylib */,
				CBB7F7311D0EE2A900E426E8 /* libopencv_stitching.3.0.0.dylib */,
				CBB7F7321D0EE2A900E426E8 /* libopencv_superres.3.0.0.dylib */,
				CBB7F7331D0EE2A900E426E8 /* libopencv_superres.3.0.0.dylib */,
				CBB7F7341D0EE2A900E426E8 /* libopencv_superres.3.0.0.dylib */,
				CBB7F7351D0EE2A900E426E8 /* libopencv_ts.a */,
				CBB7F7361D0EE2A900E426E8 /* libopencv_video.3.0.0.dylib */,
				CBB7F7371D0EE2A900E426E8 /* libopencv_video.3.0.0.dylib */,
				CBB7F7381D0EE2A900E426E8 /* libopencv_video.3.0.0.dylib */,
				CBB7F7391D0EE2A900E426E8 /* libopencv_videoio.3.0.0.dylib */,
				CBB7F73A1D0EE2A900E426E8 /* libopencv_videoio.3.0.0.dylib */,
				CBB7F73B1D0EE2A900E426E8 /* libopencv_videoio.3.0.0.dylib */,
				CBB7F73C1D0EE2A900E426E8 /* libopencv_videostab.3.0.0.dylib */,
				CBB7F73D1D0EE2A900E426E8 /* libopencv_videostab.3.0.0.dylib */,
				CBB7F73E1D0EE2A900E426E8 /* libopencv_videostab.3.0.0.dylib */,
			);
			name = "OpenCV Frameworks";
			sourceTree = "<group>";
		};
/* End PBXGroup section */

/* Begin PBXNativeTarget section */
		CBB7F7011D0EE15F00E426E8 /* openCV */ = {
			isa = PBXNativeTarget;
			buildConfigurationList = CBB7F7091D0EE15F00E426E8 /* Build configuration list for PBXNativeTarget "openCV" */;
			buildPhases = (
				CBB7F6FE1D0EE15F00E426E8 /* Sources */,
				CBB7F6FF1D0EE15F00E426E8 /* Frameworks */,
				CBB7F7001D0EE15F00E426E8 /* CopyFiles */,
			);
			buildRules = (
			);
			dependencies = (
			);
			name = openCV;
			productName = openCV;
			productReference = CBB7F7021D0EE15F00E426E8 /* openCV */;
			productType = "com.apple.product-type.tool";
		};
/* End PBXNativeTarget section */

/* Begin PBXProject section */
		CBB7F6FA1D0EE15F00E426E8 /* Project object */ = {
			isa = PBXProject;
			attributes = {
				LastUpgradeCheck = 0730;
				ORGANIZATIONNAME = "Tiantong Zhou";
				TargetAttributes = {
					CBB7F7011D0EE15F00E426E8 = {
						CreatedOnToolsVersion = 7.3.1;
					};
				};
			};
			buildConfigurationList = CBB7F6FD1D0EE15F00E426E8 /* Build configuration list for PBXProject "openCV" */;
			compatibilityVersion = "Xcode 3.2";
			developmentRegion = English;
			hasScannedForEncodings = 0;
			knownRegions = (
				en,
			);
			mainGroup = CBB7F6F91D0EE15F00E426E8;
			productRefGroup = CBB7F7031D0EE15F00E426E8 /* Products */;
			projectDirPath = "";
			projectRoot = "";
			targets = (
				CBB7F7011D0EE15F00E426E8 /* openCV */,
			);
		};
/* End PBXProject section */

/* Begin PBXSourcesBuildPhase section */
		CBB7F6FE1D0EE15F00E426E8 /* Sources */ = {
			isa = PBXSourcesBuildPhase;
			buildActionMask = 2147483647;
			files = (
				CBFAA0AE1D15263800B52423 /* corner.cpp in Sources */,
			);
			runOnlyForDeploymentPostprocessing = 0;
		};
/* End PBXSourcesBuildPhase section */

/* Begin XCBuildConfiguration section */
		CBB7F7071D0EE15F00E426E8 /* Debug */ = {
			isa = XCBuildConfiguration;
			buildSettings = {
				ALWAYS_SEARCH_USER_PATHS = NO;
				CLANG_ANALYZER_NONNULL = YES;
				CLANG_CXX_LANGUAGE_STANDARD = "gnu++0x";
				CLANG_CXX_LIBRARY = "libc++";
				CLANG_ENABLE_MODULES = YES;
				CLANG_ENABLE_OBJC_ARC = YES;
				CLANG_WARN_BOOL_CONVERSION = YES;
				CLANG_WARN_CONSTANT_CONVERSION = YES;
				CLANG_WARN_DIRECT_OBJC_ISA_USAGE = YES_ERROR;
				CLANG_WARN_EMPTY_BODY = YES;
				CLANG_WARN_ENUM_CONVERSION = YES;
				CLANG_WARN_INT_CONVERSION = YES;
				CLANG_WARN_OBJC_ROOT_CLASS = YES_ERROR;
				CLANG_WARN_UNREACHABLE_CODE = YES;
				CLANG_WARN__DUPLICATE_METHOD_MATCH = YES;
				CODE_SIGN_IDENTITY = "-";
				COPY_PHASE_STRIP = NO;
				DEBUG_INFORMATION_FORMAT = dwarf;
				ENABLE_STRICT_OBJC_MSGSEND = YES;
				ENABLE_TESTABILITY = YES;
				GCC_C_LANGUAGE_STANDARD = gnu99;
				GCC_DYNAMIC_NO_PIC = NO;
				GCC_NO_COMMON_BLOCKS = YES;
				GCC_OPTIMIZATION_LEVEL = 0;
				GCC_PREPROCESSOR_DEFINITIONS = (
					"DEBUG=1",
					"$(inherited)",
				);
				GCC_WARN_64_TO_32_BIT_CONVERSION = YES;
				GCC_WARN_ABOUT_RETURN_TYPE = YES_ERROR;
				GCC_WARN_UNDECLARED_SELECTOR = YES;
				GCC_WARN_UNINITIALIZED_AUTOS = YES_AGGRESSIVE;
				GCC_WARN_UNUSED_FUNCTION = YES;
				GCC_WARN_UNUSED_VARIABLE = YES;
				MACOSX_DEPLOYMENT_TARGET = 10.11;
				MTL_ENABLE_DEBUG_INFO = YES;
				ONLY_ACTIVE_ARCH = YES;
				SDKROOT = macosx;
			};
			name = Debug;
		};
		CBB7F7081D0EE15F00E426E8 /* Release */ = {
			isa = XCBuildConfiguration;
			buildSettings = {
				ALWAYS_SEARCH_USER_PATHS = NO;
				CLANG_ANALYZER_NONNULL = YES;
				CLANG_CXX_LANGUAGE_STANDARD = "gnu++0x";
				CLANG_CXX_LIBRARY = "libc++";
				CLANG_ENABLE_MODULES = YES;
				CLANG_ENABLE_OBJC_ARC = YES;
				CLANG_WARN_BOOL_CONVERSION = YES;
				CLANG_WARN_CONSTANT_CONVERSION = YES;
				CLANG_WARN_DIRECT_OBJC_ISA_USAGE = YES_ERROR;
				CLANG_WARN_EMPTY_BODY = YES;
				CLANG_WARN_ENUM_CONVERSION = YES;
				CLANG_WARN_INT_CONVERSION = YES;
				CLANG_WARN_OBJC_ROOT_CLASS = YES_ERROR;
				CLANG_WARN_UNREACHABLE_CODE = YES;
				CLANG_WARN__DUPLICATE_METHOD_MATCH = YES;
				CODE_SIGN_IDENTITY = "-";
				COPY_PHASE_STRIP = NO;
				DEBUG_INFORMATION_FORMAT = "dwarf-with-dsym";
				ENABLE_NS_ASSERTIONS = NO;
				ENABLE_STRICT_OBJC_MSGSEND = YES;
				GCC_C_LANGUAGE_STANDARD = gnu99;
				GCC_NO_COMMON_BLOCKS = YES;
				GCC_WARN_64_TO_32_BIT_CONVERSION = YES;
				GCC_WARN_ABOUT_RETURN_TYPE = YES_ERROR;
				GCC_WARN_UNDECLARED_SELECTOR = YES;
				GCC_WARN_UNINITIALIZED_AUTOS = YES_AGGRESSIVE;
				GCC_WARN_UNUSED_FUNCTION = YES;
				GCC_WARN_UNUSED_VARIABLE = YES;
				MACOSX_DEPLOYMENT_TARGET = 10.11;
				MTL_ENABLE_DEBUG_INFO = NO;
				SDKROOT = macosx;
			};
			name = Release;
		};
		CBB7F70A1D0EE15F00E426E8 /* Debug */ = {
			isa = XCBuildConfiguration;
			buildSettings = {
				HEADER_SEARCH_PATHS = (
					/usr/local/include,
					/usr/local/include/opencv2,
				);
				LIBRARY_SEARCH_PATHS = (
					/usr/local/lib,
					"$(PROJECT_DIR)/openCV",
				);
				PRODUCT_NAME = "$(TARGET_NAME)";
			};
			name = Debug;
		};
		CBB7F70B1D0EE15F00E426E8 /* Release */ = {
			isa = XCBuildConfiguration;
			buildSettings = {
				HEADER_SEARCH_PATHS = (
					/usr/local/include,
					/usr/local/include/opencv2,
				);
				LIBRARY_SEARCH_PATHS = (
					/usr/local/lib,
					"$(PROJECT_DIR)/openCV",
				);
				PRODUCT_NAME = "$(TARGET_NAME)";
			};
			name = Release;
		};
/* End XCBuildConfiguration section */

/* Begin XCConfigurationList section */
		CBB7F6FD1D0EE15F00E426E8 /* Build configuration list for PBXProject "openCV" */ = {
			isa = XCConfigurationList;
			buildConfigurations = (
				CBB7F7071D0EE15F00E426E8 /* Debug */,
				CBB7F7081D0EE15F00E426E8 /* Release */,
			);
			defaultConfigurationIsVisible = 0;
			defaultConfigurationName = Release;
		};
		CBB7F7091D0EE15F00E426E8 /* Build configuration list for PBXNativeTarget "openCV" */ = {
			isa = XCConfigurationList;
			buildConfigurations = (
				CBB7F70A1D0EE15F00E426E8 /* Debug */,
				CBB7F70B1D0EE15F00E426E8 /* Release */,
			);
			defaultConfigurationIsVisible = 0;
			defaultConfigurationName = Release;
		};
/* End XCConfigurationList section */
	};
	rootObject = CBB7F6FA1D0EE15F00E426E8 /* Project object */;
}
